
Microsoft Visual Studio Solution File, Format Version 12.00
# Visual Studio 15
VisualStudioVersion = 15.0.28010.2026
MinimumVisualStudioVersion = 10.0.40219.1
Project("{FAE04EC0-301F-11D3-BF4B-00C04F79EFBC}") = "AddressAPI3.PAF", "AddressAPI3.PAF\AddressAPI3.PAF.csproj", "{733074E0-69B2-47F8-8143-DDB2F194237C}"
EndProject
Global
	GlobalSection(SolutionConfigurationPlatforms) = preSolution
		Debug|Any CPU = Debug|Any CPU
		Release|Any CPU = Release|Any CPU
	EndGlobalSection
	GlobalSection(ProjectConfigurationPlatforms) = postSolution
		{733074E0-69B2-47F8-8143-DDB2F194237C}.Debug|Any CPU.ActiveCfg = Debug|Any CPU
		{733074E0-69B2-47F8-8143-DDB2F194237C}.Debug|Any CPU.Build.0 = Debug|Any CPU
		{733074E0-69B2-47F8-8143-DDB2F194237C}.Release|Any CPU.ActiveCfg = Release|Any CPU
		{733074E0-69B2-47F8-8143-DDB2F194237C}.Release|Any CPU.Build.0 = Release|Any CPU
	EndGlobalSection
	GlobalSection(SolutionProperties) = preSolution
		HideSolutionNode = FALSE
	EndGlobalSection
	GlobalSection(ExtensibilityGlobals) = postSolution
		SolutionGuid = {49A5C0EB-32E5-4375-A041-518A67C46186}
	EndGlobalSection
EndGlobal
